
Microsoft Visual Studio Solution File, Format Version 12.00
# Visual Studio Version 17
VisualStudioVersion = 17.8.34330.188
MinimumVisualStudioVersion = 10.0.40219.1
Project("{9A19103F-16F7-4668-BE54-9A1E7A4F7556}") = "Accord.Core", "Accord.Core\Accord.Core.csproj", "{18CFE577-5FC5-4566-9047-1BB4139BD8B0}"
EndProject
Project("{9A19103F-16F7-4668-BE54-9A1E7A4F7556}") = "Accord.Math.Core", "Accord.Math.Core\Accord.Math.Core.csproj", "{BD0AE224-CC5C-4188-8C01-4906CA2ABA60}"
EndProject
Project("{9A19103F-16F7-4668-BE54-9A1E7A4F7556}") = "Accord.Math", "Accord.Math\Accord.Math.csproj", "{76944BC5-3DAD-46B7-AF1E-4679A956226D}"
EndProject
Project("{9A19103F-16F7-4668-BE54-9A1E7A4F7556}") = "Accord.Statistics", "Accord.Statistics\Accord.Statistics.csproj", "{B2137379-958C-4BDA-B379-72D385698FA1}"
EndProject
Project("{9A19103F-16F7-4668-BE54-9A1E7A4F7556}") = "Accord.Imaging", "Accord.Imaging\Accord.Imaging.csproj", "{3F03B16E-8C3C-4048-B48F-6FB19C61F5ED}"
EndProject
Project("{2150E333-8FDC-42A3-9474-1A3956D46DE8}") = "Solution Items", "Solution Items", "{B26C9DA9-C351-4401-B4CA-D217FA090C9E}"
	ProjectSection(SolutionItems) = preProject
		Accord.NET (NETStandard).targets = Accord.NET (NETStandard).targets
		Accord.NET.testrunconfig = Accord.NET.testrunconfig
		..\build-all.cmd = ..\build-all.cmd
		..\clean-all.cmd = ..\clean-all.cmd
		..\Contributors.txt = ..\Contributors.txt
		..\Copyright.txt = ..\Copyright.txt
		..\Release notes.txt = ..\Release notes.txt
		Version.targets = Version.targets
		..\Version.txt = ..\Version.txt
	EndProjectSection
EndProject
Project("{9A19103F-16F7-4668-BE54-9A1E7A4F7556}") = "Accord.Text", "Accord.Text\Accord.Text.csproj", "{E62D444B-1271-49AD-8D62-F8CE21895FFC}"
EndProject
Project("{9A19103F-16F7-4668-BE54-9A1E7A4F7556}") = "Accord.Fuzzy", "Accord.Fuzzy\Accord.Fuzzy.csproj", "{888F5B3B-A395-41D0-BDF9-F039F086CD40}"
EndProject
Project("{9A19103F-16F7-4668-BE54-9A1E7A4F7556}") = "Accord.Genetic", "Accord.Genetic\Accord.Genetic.csproj", "{1381519A-DC1F-4AD8-B33F-7BAEAE8D1699}"
EndProject
Project("{9A19103F-16F7-4668-BE54-9A1E7A4F7556}") = "Accord.MachineLearning", "Accord.MachineLearning\Accord.MachineLearning.csproj", "{18D7BA31-4D16-4F38-BD95-F058577E961F}"
EndProject
Project("{9A19103F-16F7-4668-BE54-9A1E7A4F7556}") = "Accord.Neuro", "Accord.Neuro\Accord.Neuro.csproj", "{40D92A6E-F271-4436-8ECB-1832DEF61A9B}"
EndProject
Project("{9A19103F-16F7-4668-BE54-9A1E7A4F7556}") = "Accord.IO", "Accord.IO\Accord.IO.csproj", "{DE1445BB-E5C8-49EC-8075-A791DB8B64E9}"
EndProject
Project("{9A19103F-16F7-4668-BE54-9A1E7A4F7556}") = "Accord.Audio", "Accord.Audio\Accord.Audio.csproj", "{6AA0D141-183F-4646-B5DB-543EAA410032}"
EndProject
Project("{9A19103F-16F7-4668-BE54-9A1E7A4F7556}") = "Accord.Audition", "Accord.Audition\Accord.Audition.csproj", "{CA0D16EA-8279-4058-A908-07C670CA3CB6}"
EndProject
Project("{9A19103F-16F7-4668-BE54-9A1E7A4F7556}") = "Accord.Vision", "Accord.Vision\Accord.Vision.csproj", "{6DFD3CC8-32DC-4BE1-A306-AED7DBCE5A31}"
EndProject
Global
	GlobalSection(SolutionConfigurationPlatforms) = preSolution
		Debug|Any CPU = Debug|Any CPU
		Debug|x64 = Debug|x64
		Debug|x86 = Debug|x86
		Docs|Any CPU = Docs|Any CPU
		Docs|x64 = Docs|x64
		Docs|x86 = Docs|x86
		Mono|Any CPU = Mono|Any CPU
		Mono|x64 = Mono|x64
		Mono|x86 = Mono|x86
		Release|Any CPU = Release|Any CPU
		Release|x64 = Release|x64
		Release|x86 = Release|x86
	EndGlobalSection
	GlobalSection(ProjectConfigurationPlatforms) = postSolution
		{18CFE577-5FC5-4566-9047-1BB4139BD8B0}.Debug|Any CPU.ActiveCfg = Debug|Any CPU
		{18CFE577-5FC5-4566-9047-1BB4139BD8B0}.Debug|Any CPU.Build.0 = Debug|Any CPU
		{18CFE577-5FC5-4566-9047-1BB4139BD8B0}.Debug|x64.ActiveCfg = Debug|Any CPU
		{18CFE577-5FC5-4566-9047-1BB4139BD8B0}.Debug|x64.Build.0 = Debug|Any CPU
		{18CFE577-5FC5-4566-9047-1BB4139BD8B0}.Debug|x86.ActiveCfg = Debug|Any CPU
		{18CFE577-5FC5-4566-9047-1BB4139BD8B0}.Debug|x86.Build.0 = Debug|Any CPU
		{18CFE577-5FC5-4566-9047-1BB4139BD8B0}.Docs|Any CPU.ActiveCfg = Release|Any CPU
		{18CFE577-5FC5-4566-9047-1BB4139BD8B0}.Docs|Any CPU.Build.0 = Release|Any CPU
		{18CFE577-5FC5-4566-9047-1BB4139BD8B0}.Docs|x64.ActiveCfg = Release|Any CPU
		{18CFE577-5FC5-4566-9047-1BB4139BD8B0}.Docs|x64.Build.0 = Release|Any CPU
		{18CFE577-5FC5-4566-9047-1BB4139BD8B0}.Docs|x86.ActiveCfg = Release|Any CPU
		{18CFE577-5FC5-4566-9047-1BB4139BD8B0}.Docs|x86.Build.0 = Release|Any CPU
		{18CFE577-5FC5-4566-9047-1BB4139BD8B0}.Mono|Any CPU.ActiveCfg = Mono|Any CPU
		{18CFE577-5FC5-4566-9047-1BB4139BD8B0}.Mono|Any CPU.Build.0 = Mono|Any CPU
		{18CFE577-5FC5-4566-9047-1BB4139BD8B0}.Mono|x64.ActiveCfg = Mono|Any CPU
		{18CFE577-5FC5-4566-9047-1BB4139BD8B0}.Mono|x64.Build.0 = Mono|Any CPU
		{18CFE577-5FC5-4566-9047-1BB4139BD8B0}.Mono|x86.ActiveCfg = Mono|Any CPU
		{18CFE577-5FC5-4566-9047-1BB4139BD8B0}.Mono|x86.Build.0 = Mono|Any CPU
		{18CFE577-5FC5-4566-9047-1BB4139BD8B0}.Release|Any CPU.ActiveCfg = Release|Any CPU
		{18CFE577-5FC5-4566-9047-1BB4139BD8B0}.Release|Any CPU.Build.0 = Release|Any CPU
		{18CFE577-5FC5-4566-9047-1BB4139BD8B0}.Release|x64.ActiveCfg = Release|Any CPU
		{18CFE577-5FC5-4566-9047-1BB4139BD8B0}.Release|x64.Build.0 = Release|Any CPU
		{18CFE577-5FC5-4566-9047-1BB4139BD8B0}.Release|x86.ActiveCfg = Release|Any CPU
		{18CFE577-5FC5-4566-9047-1BB4139BD8B0}.Release|x86.Build.0 = Release|Any CPU
		{BD0AE224-CC5C-4188-8C01-4906CA2ABA60}.Debug|Any CPU.ActiveCfg = Debug|Any CPU
		{BD0AE224-CC5C-4188-8C01-4906CA2ABA60}.Debug|Any CPU.Build.0 = Debug|Any CPU
		{BD0AE224-CC5C-4188-8C01-4906CA2ABA60}.Debug|x64.ActiveCfg = Debug|Any CPU
		{BD0AE224-CC5C-4188-8C01-4906CA2ABA60}.Debug|x64.Build.0 = Debug|Any CPU
		{BD0AE224-CC5C-4188-8C01-4906CA2ABA60}.Debug|x86.ActiveCfg = Debug|Any CPU
		{BD0AE224-CC5C-4188-8C01-4906CA2ABA60}.Debug|x86.Build.0 = Debug|Any CPU
		{BD0AE224-CC5C-4188-8C01-4906CA2ABA60}.Docs|Any CPU.ActiveCfg = Release|Any CPU
		{BD0AE224-CC5C-4188-8C01-4906CA2ABA60}.Docs|Any CPU.Build.0 = Release|Any CPU
		{BD0AE224-CC5C-4188-8C01-4906CA2ABA60}.Docs|x64.ActiveCfg = Release|Any CPU
		{BD0AE224-CC5C-4188-8C01-4906CA2ABA60}.Docs|x64.Build.0 = Release|Any CPU
		{BD0AE224-CC5C-4188-8C01-4906CA2ABA60}.Docs|x86.ActiveCfg = Release|Any CPU
		{BD0AE224-CC5C-4188-8C01-4906CA2ABA60}.Docs|x86.Build.0 = Release|Any CPU
		{BD0AE224-CC5C-4188-8C01-4906CA2ABA60}.Mono|Any CPU.ActiveCfg = Mono|Any CPU
		{BD0AE224-CC5C-4188-8C01-4906CA2ABA60}.Mono|Any CPU.Build.0 = Mono|Any CPU
		{BD0AE224-CC5C-4188-8C01-4906CA2ABA60}.Mono|x64.ActiveCfg = Mono|Any CPU
		{BD0AE224-CC5C-4188-8C01-4906CA2ABA60}.Mono|x64.Build.0 = Mono|Any CPU
		{BD0AE224-CC5C-4188-8C01-4906CA2ABA60}.Mono|x86.ActiveCfg = Mono|Any CPU
		{BD0AE224-CC5C-4188-8C01-4906CA2ABA60}.Mono|x86.Build.0 = Mono|Any CPU
		{BD0AE224-CC5C-4188-8C01-4906CA2ABA60}.Release|Any CPU.ActiveCfg = Release|Any CPU
		{BD0AE224-CC5C-4188-8C01-4906CA2ABA60}.Release|Any CPU.Build.0 = Release|Any CPU
		{BD0AE224-CC5C-4188-8C01-4906CA2ABA60}.Release|x64.ActiveCfg = Release|Any CPU
		{BD0AE224-CC5C-4188-8C01-4906CA2ABA60}.Release|x64.Build.0 = Release|Any CPU
		{BD0AE224-CC5C-4188-8C01-4906CA2ABA60}.Release|x86.ActiveCfg = Release|Any CPU
		{BD0AE224-CC5C-4188-8C01-4906CA2ABA60}.Release|x86.Build.0 = Release|Any CPU
		{76944BC5-3DAD-46B7-AF1E-4679A956226D}.Debug|Any CPU.ActiveCfg = Debug|Any CPU
		{76944BC5-3DAD-46B7-AF1E-4679A956226D}.Debug|Any CPU.Build.0 = Debug|Any CPU
		{76944BC5-3DAD-46B7-AF1E-4679A956226D}.Debug|x64.ActiveCfg = Debug|Any CPU
		{76944BC5-3DAD-46B7-AF1E-4679A956226D}.Debug|x64.Build.0 = Debug|Any CPU
		{76944BC5-3DAD-46B7-AF1E-4679A956226D}.Debug|x86.ActiveCfg = Debug|Any CPU
		{76944BC5-3DAD-46B7-AF1E-4679A956226D}.Debug|x86.Build.0 = Debug|Any CPU
		{76944BC5-3DAD-46B7-AF1E-4679A956226D}.Docs|Any CPU.ActiveCfg = Release|Any CPU
		{76944BC5-3DAD-46B7-AF1E-4679A956226D}.Docs|Any CPU.Build.0 = Release|Any CPU
		{76944BC5-3DAD-46B7-AF1E-4679A956226D}.Docs|x64.ActiveCfg = Release|Any CPU
		{76944BC5-3DAD-46B7-AF1E-4679A956226D}.Docs|x64.Build.0 = Release|Any CPU
		{76944BC5-3DAD-46B7-AF1E-4679A956226D}.Docs|x86.ActiveCfg = Release|Any CPU
		{76944BC5-3DAD-46B7-AF1E-4679A956226D}.Docs|x86.Build.0 = Release|Any CPU
		{76944BC5-3DAD-46B7-AF1E-4679A956226D}.Mono|Any CPU.ActiveCfg = Mono|Any CPU
		{76944BC5-3DAD-46B7-AF1E-4679A956226D}.Mono|Any CPU.Build.0 = Mono|Any CPU
		{76944BC5-3DAD-46B7-AF1E-4679A956226D}.Mono|x64.ActiveCfg = Mono|Any CPU
		{76944BC5-3DAD-46B7-AF1E-4679A956226D}.Mono|x64.Build.0 = Mono|Any CPU
		{76944BC5-3DAD-46B7-AF1E-4679A956226D}.Mono|x86.ActiveCfg = Mono|Any CPU
		{76944BC5-3DAD-46B7-AF1E-4679A956226D}.Mono|x86.Build.0 = Mono|Any CPU
		{76944BC5-3DAD-46B7-AF1E-4679A956226D}.Release|Any CPU.ActiveCfg = Release|Any CPU
		{76944BC5-3DAD-46B7-AF1E-4679A956226D}.Release|Any CPU.Build.0 = Release|Any CPU
		{76944BC5-3DAD-46B7-AF1E-4679A956226D}.Release|x64.ActiveCfg = Release|Any CPU
		{76944BC5-3DAD-46B7-AF1E-4679A956226D}.Release|x64.Build.0 = Release|Any CPU
		{76944BC5-3DAD-46B7-AF1E-4679A956226D}.Release|x86.ActiveCfg = Release|Any CPU
		{76944BC5-3DAD-46B7-AF1E-4679A956226D}.Release|x86.Build.0 = Release|Any CPU
		{B2137379-958C-4BDA-B379-72D385698FA1}.Debug|Any CPU.ActiveCfg = Debug|Any CPU
		{B2137379-958C-4BDA-B379-72D385698FA1}.Debug|Any CPU.Build.0 = Debug|Any CPU
		{B2137379-958C-4BDA-B379-72D385698FA1}.Debug|x64.ActiveCfg = Debug|Any CPU
		{B2137379-958C-4BDA-B379-72D385698FA1}.Debug|x64.Build.0 = Debug|Any CPU
		{B2137379-958C-4BDA-B379-72D385698FA1}.Debug|x86.ActiveCfg = Debug|Any CPU
		{B2137379-958C-4BDA-B379-72D385698FA1}.Debug|x86.Build.0 = Debug|Any CPU
		{B2137379-958C-4BDA-B379-72D385698FA1}.Docs|Any CPU.ActiveCfg = Release|Any CPU
		{B2137379-958C-4BDA-B379-72D385698FA1}.Docs|Any CPU.Build.0 = Release|Any CPU
		{B2137379-958C-4BDA-B379-72D385698FA1}.Docs|x64.ActiveCfg = Release|Any CPU
		{B2137379-958C-4BDA-B379-72D385698FA1}.Docs|x64.Build.0 = Release|Any CPU
		{B2137379-958C-4BDA-B379-72D385698FA1}.Docs|x86.ActiveCfg = Release|Any CPU
		{B2137379-958C-4BDA-B379-72D385698FA1}.Docs|x86.Build.0 = Release|Any CPU
		{B2137379-958C-4BDA-B379-72D385698FA1}.Mono|Any CPU.ActiveCfg = Mono|Any CPU
		{B2137379-958C-4BDA-B379-72D385698FA1}.Mono|Any CPU.Build.0 = Mono|Any CPU
		{B2137379-958C-4BDA-B379-72D385698FA1}.Mono|x64.ActiveCfg = Mono|Any CPU
		{B2137379-958C-4BDA-B379-72D385698FA1}.Mono|x64.Build.0 = Mono|Any CPU
		{B2137379-958C-4BDA-B379-72D385698FA1}.Mono|x86.ActiveCfg = Mono|Any CPU
		{B2137379-958C-4BDA-B379-72D385698FA1}.Mono|x86.Build.0 = Mono|Any CPU
		{B2137379-958C-4BDA-B379-72D385698FA1}.Release|Any CPU.ActiveCfg = Release|Any CPU
		{B2137379-958C-4BDA-B379-72D385698FA1}.Release|Any CPU.Build.0 = Release|Any CPU
		{B2137379-958C-4BDA-B379-72D385698FA1}.Release|x64.ActiveCfg = Release|Any CPU
		{B2137379-958C-4BDA-B379-72D385698FA1}.Release|x64.Build.0 = Release|Any CPU
		{B2137379-958C-4BDA-B379-72D385698FA1}.Release|x86.ActiveCfg = Release|Any CPU
		{B2137379-958C-4BDA-B379-72D385698FA1}.Release|x86.Build.0 = Release|Any CPU
		{3F03B16E-8C3C-4048-B48F-6FB19C61F5ED}.Debug|Any CPU.ActiveCfg = Debug|Any CPU
		{3F03B16E-8C3C-4048-B48F-6FB19C61F5ED}.Debug|Any CPU.Build.0 = Debug|Any CPU
		{3F03B16E-8C3C-4048-B48F-6FB19C61F5ED}.Debug|x64.ActiveCfg = Debug|Any CPU
		{3F03B16E-8C3C-4048-B48F-6FB19C61F5ED}.Debug|x64.Build.0 = Debug|Any CPU
		{3F03B16E-8C3C-4048-B48F-6FB19C61F5ED}.Debug|x86.ActiveCfg = Debug|Any CPU
		{3F03B16E-8C3C-4048-B48F-6FB19C61F5ED}.Debug|x86.Build.0 = Debug|Any CPU
		{3F03B16E-8C3C-4048-B48F-6FB19C61F5ED}.Docs|Any CPU.ActiveCfg = Release|Any CPU
		{3F03B16E-8C3C-4048-B48F-6FB19C61F5ED}.Docs|Any CPU.Build.0 = Release|Any CPU
		{3F03B16E-8C3C-4048-B48F-6FB19C61F5ED}.Docs|x64.ActiveCfg = Release|Any CPU
		{3F03B16E-8C3C-4048-B48F-6FB19C61F5ED}.Docs|x64.Build.0 = Release|Any CPU
		{3F03B16E-8C3C-4048-B48F-6FB19C61F5ED}.Docs|x86.ActiveCfg = Release|Any CPU
		{3F03B16E-8C3C-4048-B48F-6FB19C61F5ED}.Docs|x86.Build.0 = Release|Any CPU
		{3F03B16E-8C3C-4048-B48F-6FB19C61F5ED}.Mono|Any CPU.ActiveCfg = Mono|Any CPU
		{3F03B16E-8C3C-4048-B48F-6FB19C61F5ED}.Mono|Any CPU.Build.0 = Mono|Any CPU
		{3F03B16E-8C3C-4048-B48F-6FB19C61F5ED}.Mono|x64.ActiveCfg = Mono|Any CPU
		{3F03B16E-8C3C-4048-B48F-6FB19C61F5ED}.Mono|x64.Build.0 = Mono|Any CPU
		{3F03B16E-8C3C-4048-B48F-6FB19C61F5ED}.Mono|x86.ActiveCfg = Mono|Any CPU
		{3F03B16E-8C3C-4048-B48F-6FB19C61F5ED}.Mono|x86.Build.0 = Mono|Any CPU
		{3F03B16E-8C3C-4048-B48F-6FB19C61F5ED}.Release|Any CPU.ActiveCfg = Release|Any CPU
		{3F03B16E-8C3C-4048-B48F-6FB19C61F5ED}.Release|Any CPU.Build.0 = Release|Any CPU
		{3F03B16E-8C3C-4048-B48F-6FB19C61F5ED}.Release|x64.ActiveCfg = Release|Any CPU
		{3F03B16E-8C3C-4048-B48F-6FB19C61F5ED}.Release|x64.Build.0 = Release|Any CPU
		{3F03B16E-8C3C-4048-B48F-6FB19C61F5ED}.Release|x86.ActiveCfg = Release|Any CPU
		{3F03B16E-8C3C-4048-B48F-6FB19C61F5ED}.Release|x86.Build.0 = Release|Any CPU
		{E62D444B-1271-49AD-8D62-F8CE21895FFC}.Debug|Any CPU.ActiveCfg = Debug|Any CPU
		{E62D444B-1271-49AD-8D62-F8CE21895FFC}.Debug|Any CPU.Build.0 = Debug|Any CPU
		{E62D444B-1271-49AD-8D62-F8CE21895FFC}.Debug|x64.ActiveCfg = Debug|Any CPU
		{E62D444B-1271-49AD-8D62-F8CE21895FFC}.Debug|x64.Build.0 = Debug|Any CPU
		{E62D444B-1271-49AD-8D62-F8CE21895FFC}.Debug|x86.ActiveCfg = Debug|Any CPU
		{E62D444B-1271-49AD-8D62-F8CE21895FFC}.Debug|x86.Build.0 = Debug|Any CPU
		{E62D444B-1271-49AD-8D62-F8CE21895FFC}.Docs|Any CPU.ActiveCfg = Debug|Any CPU
		{E62D444B-1271-49AD-8D62-F8CE21895FFC}.Docs|Any CPU.Build.0 = Debug|Any CPU
		{E62D444B-1271-49AD-8D62-F8CE21895FFC}.Docs|x64.ActiveCfg = Debug|Any CPU
		{E62D444B-1271-49AD-8D62-F8CE21895FFC}.Docs|x64.Build.0 = Debug|Any CPU
		{E62D444B-1271-49AD-8D62-F8CE21895FFC}.Docs|x86.ActiveCfg = Debug|Any CPU
		{E62D444B-1271-49AD-8D62-F8CE21895FFC}.Docs|x86.Build.0 = Debug|Any CPU
		{E62D444B-1271-49AD-8D62-F8CE21895FFC}.Mono|Any CPU.ActiveCfg = Mono|Any CPU
		{E62D444B-1271-49AD-8D62-F8CE21895FFC}.Mono|Any CPU.Build.0 = Mono|Any CPU
		{E62D444B-1271-49AD-8D62-F8CE21895FFC}.Mono|x64.ActiveCfg = Mono|Any CPU
		{E62D444B-1271-49AD-8D62-F8CE21895FFC}.Mono|x64.Build.0 = Mono|Any CPU
		{E62D444B-1271-49AD-8D62-F8CE21895FFC}.Mono|x86.ActiveCfg = Mono|Any CPU
		{E62D444B-1271-49AD-8D62-F8CE21895FFC}.Mono|x86.Build.0 = Mono|Any CPU
		{E62D444B-1271-49AD-8D62-F8CE21895FFC}.Release|Any CPU.ActiveCfg = Release|Any CPU
		{E62D444B-1271-49AD-8D62-F8CE21895FFC}.Release|Any CPU.Build.0 = Release|Any CPU
		{E62D444B-1271-49AD-8D62-F8CE21895FFC}.Release|x64.ActiveCfg = Release|Any CPU
		{E62D444B-1271-49AD-8D62-F8CE21895FFC}.Release|x64.Build.0 = Release|Any CPU
		{E62D444B-1271-49AD-8D62-F8CE21895FFC}.Release|x86.ActiveCfg = Release|Any CPU
		{E62D444B-1271-49AD-8D62-F8CE21895FFC}.Release|x86.Build.0 = Release|Any CPU
		{888F5B3B-A395-41D0-BDF9-F039F086CD40}.Debug|Any CPU.ActiveCfg = Debug|Any CPU
		{888F5B3B-A395-41D0-BDF9-F039F086CD40}.Debug|Any CPU.Build.0 = Debug|Any CPU
		{888F5B3B-A395-41D0-BDF9-F039F086CD40}.Debug|x64.ActiveCfg = Debug|Any CPU
		{888F5B3B-A395-41D0-BDF9-F039F086CD40}.Debug|x64.Build.0 = Debug|Any CPU
		{888F5B3B-A395-41D0-BDF9-F039F086CD40}.Debug|x86.ActiveCfg = Debug|Any CPU
		{888F5B3B-A395-41D0-BDF9-F039F086CD40}.Debug|x86.Build.0 = Debug|Any CPU
		{888F5B3B-A395-41D0-BDF9-F039F086CD40}.Docs|Any CPU.ActiveCfg = Debug|Any CPU
		{888F5B3B-A395-41D0-BDF9-F039F086CD40}.Docs|Any CPU.Build.0 = Debug|Any CPU
		{888F5B3B-A395-41D0-BDF9-F039F086CD40}.Docs|x64.ActiveCfg = Debug|Any CPU
		{888F5B3B-A395-41D0-BDF9-F039F086CD40}.Docs|x64.Build.0 = Debug|Any CPU
		{888F5B3B-A395-41D0-BDF9-F039F086CD40}.Docs|x86.ActiveCfg = Debug|Any CPU
		{888F5B3B-A395-41D0-BDF9-F039F086CD40}.Docs|x86.Build.0 = Debug|Any CPU
		{888F5B3B-A395-41D0-BDF9-F039F086CD40}.Mono|Any CPU.ActiveCfg = Mono|Any CPU
		{888F5B3B-A395-41D0-BDF9-F039F086CD40}.Mono|Any CPU.Build.0 = Mono|Any CPU
		{888F5B3B-A395-41D0-BDF9-F039F086CD40}.Mono|x64.ActiveCfg = Mono|Any CPU
		{888F5B3B-A395-41D0-BDF9-F039F086CD40}.Mono|x64.Build.0 = Mono|Any CPU
		{888F5B3B-A395-41D0-BDF9-F039F086CD40}.Mono|x86.ActiveCfg = Mono|Any CPU
		{888F5B3B-A395-41D0-BDF9-F039F086CD40}.Mono|x86.Build.0 = Mono|Any CPU
		{888F5B3B-A395-41D0-BDF9-F039F086CD40}.Release|Any CPU.ActiveCfg = Release|Any CPU
		{888F5B3B-A395-41D0-BDF9-F039F086CD40}.Release|Any CPU.Build.0 = Release|Any CPU
		{888F5B3B-A395-41D0-BDF9-F039F086CD40}.Release|x64.ActiveCfg = Release|Any CPU
		{888F5B3B-A395-41D0-BDF9-F039F086CD40}.Release|x64.Build.0 = Release|Any CPU
		{888F5B3B-A395-41D0-BDF9-F039F086CD40}.Release|x86.ActiveCfg = Release|Any CPU
		{888F5B3B-A395-41D0-BDF9-F039F086CD40}.Release|x86.Build.0 = Release|Any CPU
		{1381519A-DC1F-4AD8-B33F-7BAEAE8D1699}.Debug|Any CPU.ActiveCfg = Debug|Any CPU
		{1381519A-DC1F-4AD8-B33F-7BAEAE8D1699}.Debug|Any CPU.Build.0 = Debug|Any CPU
		{1381519A-DC1F-4AD8-B33F-7BAEAE8D1699}.Debug|x64.ActiveCfg = Debug|Any CPU
		{1381519A-DC1F-4AD8-B33F-7BAEAE8D1699}.Debug|x64.Build.0 = Debug|Any CPU
		{1381519A-DC1F-4AD8-B33F-7BAEAE8D1699}.Debug|x86.ActiveCfg = Debug|Any CPU
		{1381519A-DC1F-4AD8-B33F-7BAEAE8D1699}.Debug|x86.Build.0 = Debug|Any CPU
		{1381519A-DC1F-4AD8-B33F-7BAEAE8D1699}.Docs|Any CPU.ActiveCfg = Debug|Any CPU
		{1381519A-DC1F-4AD8-B33F-7BAEAE8D1699}.Docs|Any CPU.Build.0 = Debug|Any CPU
		{1381519A-DC1F-4AD8-B33F-7BAEAE8D1699}.Docs|x64.ActiveCfg = Debug|Any CPU
		{1381519A-DC1F-4AD8-B33F-7BAEAE8D1699}.Docs|x64.Build.0 = Debug|Any CPU
		{1381519A-DC1F-4AD8-B33F-7BAEAE8D1699}.Docs|x86.ActiveCfg = Debug|Any CPU
		{1381519A-DC1F-4AD8-B33F-7BAEAE8D1699}.Docs|x86.Build.0 = Debug|Any CPU
		{1381519A-DC1F-4AD8-B33F-7BAEAE8D1699}.Mono|Any CPU.ActiveCfg = Mono|Any CPU
		{1381519A-DC1F-4AD8-B33F-7BAEAE8D1699}.Mono|Any CPU.Build.0 = Mono|Any CPU
		{1381519A-DC1F-4AD8-B33F-7BAEAE8D1699}.Mono|x64.ActiveCfg = Mono|Any CPU
		{1381519A-DC1F-4AD8-B33F-7BAEAE8D1699}.Mono|x64.Build.0 = Mono|Any CPU
		{1381519A-DC1F-4AD8-B33F-7BAEAE8D1699}.Mono|x86.ActiveCfg = Mono|Any CPU
		{1381519A-DC1F-4AD8-B33F-7BAEAE8D1699}.Mono|x86.Build.0 = Mono|Any CPU
		{1381519A-DC1F-4AD8-B33F-7BAEAE8D1699}.Release|Any CPU.ActiveCfg = Release|Any CPU
		{1381519A-DC1F-4AD8-B33F-7BAEAE8D1699}.Release|Any CPU.Build.0 = Release|Any CPU
		{1381519A-DC1F-4AD8-B33F-7BAEAE8D1699}.Release|x64.ActiveCfg = Release|Any CPU
		{1381519A-DC1F-4AD8-B33F-7BAEAE8D1699}.Release|x64.Build.0 = Release|Any CPU
		{1381519A-DC1F-4AD8-B33F-7BAEAE8D1699}.Release|x86.ActiveCfg = Release|Any CPU
		{1381519A-DC1F-4AD8-B33F-7BAEAE8D1699}.Release|x86.Build.0 = Release|Any CPU
		{18D7BA31-4D16-4F38-BD95-F058577E961F}.Debug|Any CPU.ActiveCfg = Debug|Any CPU
		{18D7BA31-4D16-4F38-BD95-F058577E961F}.Debug|Any CPU.Build.0 = Debug|Any CPU
		{18D7BA31-4D16-4F38-BD95-F058577E961F}.Debug|x64.ActiveCfg = Debug|Any CPU
		{18D7BA31-4D16-4F38-BD95-F058577E961F}.Debug|x64.Build.0 = Debug|Any CPU
		{18D7BA31-4D16-4F38-BD95-F058577E961F}.Debug|x86.ActiveCfg = Debug|Any CPU
		{18D7BA31-4D16-4F38-BD95-F058577E961F}.Debug|x86.Build.0 = Debug|Any CPU
		{18D7BA31-4D16-4F38-BD95-F058577E961F}.Docs|Any CPU.ActiveCfg = Debug|Any CPU
		{18D7BA31-4D16-4F38-BD95-F058577E961F}.Docs|Any CPU.Build.0 = Debug|Any CPU
		{18D7BA31-4D16-4F38-BD95-F058577E961F}.Docs|x64.ActiveCfg = Debug|Any CPU
		{18D7BA31-4D16-4F38-BD95-F058577E961F}.Docs|x64.Build.0 = Debug|Any CPU
		{18D7BA31-4D16-4F38-BD95-F058577E961F}.Docs|x86.ActiveCfg = Debug|Any CPU
		{18D7BA31-4D16-4F38-BD95-F058577E961F}.Docs|x86.Build.0 = Debug|Any CPU
		{18D7BA31-4D16-4F38-BD95-F058577E961F}.Mono|Any CPU.ActiveCfg = Mono|Any CPU
		{18D7BA31-4D16-4F38-BD95-F058577E961F}.Mono|Any CPU.Build.0 = Mono|Any CPU
		{18D7BA31-4D16-4F38-BD95-F058577E961F}.Mono|x64.ActiveCfg = Mono|Any CPU
		{18D7BA31-4D16-4F38-BD95-F058577E961F}.Mono|x64.Build.0 = Mono|Any CPU
		{18D7BA31-4D16-4F38-BD95-F058577E961F}.Mono|x86.ActiveCfg = Mono|Any CPU
		{18D7BA31-4D16-4F38-BD95-F058577E961F}.Mono|x86.Build.0 = Mono|Any CPU
		{18D7BA31-4D16-4F38-BD95-F058577E961F}.Release|Any CPU.ActiveCfg = Release|Any CPU
		{18D7BA31-4D16-4F38-BD95-F058577E961F}.Release|Any CPU.Build.0 = Release|Any CPU
		{18D7BA31-4D16-4F38-BD95-F058577E961F}.Release|x64.ActiveCfg = Release|Any CPU
		{18D7BA31-4D16-4F38-BD95-F058577E961F}.Release|x64.Build.0 = Release|Any CPU
		{18D7BA31-4D16-4F38-BD95-F058577E961F}.Release|x86.ActiveCfg = Release|Any CPU
		{18D7BA31-4D16-4F38-BD95-F058577E961F}.Release|x86.Build.0 = Release|Any CPU
		{40D92A6E-F271-4436-8ECB-1832DEF61A9B}.Debug|Any CPU.ActiveCfg = Debug|Any CPU
		{40D92A6E-F271-4436-8ECB-1832DEF61A9B}.Debug|Any CPU.Build.0 = Debug|Any CPU
		{40D92A6E-F271-4436-8ECB-1832DEF61A9B}.Debug|x64.ActiveCfg = Debug|Any CPU
		{40D92A6E-F271-4436-8ECB-1832DEF61A9B}.Debug|x64.Build.0 = Debug|Any CPU
		{40D92A6E-F271-4436-8ECB-1832DEF61A9B}.Debug|x86.ActiveCfg = Debug|Any CPU
		{40D92A6E-F271-4436-8ECB-1832DEF61A9B}.Debug|x86.Build.0 = Debug|Any CPU
		{40D92A6E-F271-4436-8ECB-1832DEF61A9B}.Docs|Any CPU.ActiveCfg = Debug|Any CPU
		{40D92A6E-F271-4436-8ECB-1832DEF61A9B}.Docs|Any CPU.Build.0 = Debug|Any CPU
		{40D92A6E-F271-4436-8ECB-1832DEF61A9B}.Docs|x64.ActiveCfg = Debug|Any CPU
		{40D92A6E-F271-4436-8ECB-1832DEF61A9B}.Docs|x64.Build.0 = Debug|Any CPU
		{40D92A6E-F271-4436-8ECB-1832DEF61A9B}.Docs|x86.ActiveCfg = Debug|Any CPU
		{40D92A6E-F271-4436-8ECB-1832DEF61A9B}.Docs|x86.Build.0 = Debug|Any CPU
		{40D92A6E-F271-4436-8ECB-1832DEF61A9B}.Mono|Any CPU.ActiveCfg = Mono|Any CPU
		{40D92A6E-F271-4436-8ECB-1832DEF61A9B}.Mono|Any CPU.Build.0 = Mono|Any CPU
		{40D92A6E-F271-4436-8ECB-1832DEF61A9B}.Mono|x64.ActiveCfg = Mono|Any CPU
		{40D92A6E-F271-4436-8ECB-1832DEF61A9B}.Mono|x64.Build.0 = Mono|Any CPU
		{40D92A6E-F271-4436-8ECB-1832DEF61A9B}.Mono|x86.ActiveCfg = Mono|Any CPU
		{40D92A6E-F271-4436-8ECB-1832DEF61A9B}.Mono|x86.Build.0 = Mono|Any CPU
		{40D92A6E-F271-4436-8ECB-1832DEF61A9B}.Release|Any CPU.ActiveCfg = Release|Any CPU
		{40D92A6E-F271-4436-8ECB-1832DEF61A9B}.Release|Any CPU.Build.0 = Release|Any CPU
		{40D92A6E-F271-4436-8ECB-1832DEF61A9B}.Release|x64.ActiveCfg = Release|Any CPU
		{40D92A6E-F271-4436-8ECB-1832DEF61A9B}.Release|x64.Build.0 = Release|Any CPU
		{40D92A6E-F271-4436-8ECB-1832DEF61A9B}.Release|x86.ActiveCfg = Release|Any CPU
		{40D92A6E-F271-4436-8ECB-1832DEF61A9B}.Release|x86.Build.0 = Release|Any CPU
		{DE1445BB-E5C8-49EC-8075-A791DB8B64E9}.Debug|Any CPU.ActiveCfg = Debug|Any CPU
		{DE1445BB-E5C8-49EC-8075-A791DB8B64E9}.Debug|Any CPU.Build.0 = Debug|Any CPU
		{DE1445BB-E5C8-49EC-8075-A791DB8B64E9}.Debug|x64.ActiveCfg = Debug|Any CPU
		{DE1445BB-E5C8-49EC-8075-A791DB8B64E9}.Debug|x64.Build.0 = Debug|Any CPU
		{DE1445BB-E5C8-49EC-8075-A791DB8B64E9}.Debug|x86.ActiveCfg = Debug|Any CPU
		{DE1445BB-E5C8-49EC-8075-A791DB8B64E9}.Debug|x86.Build.0 = Debug|Any CPU
		{DE1445BB-E5C8-49EC-8075-A791DB8B64E9}.Docs|Any CPU.ActiveCfg = Debug|Any CPU
		{DE1445BB-E5C8-49EC-8075-A791DB8B64E9}.Docs|Any CPU.Build.0 = Debug|Any CPU
		{DE1445BB-E5C8-49EC-8075-A791DB8B64E9}.Docs|x64.ActiveCfg = Debug|Any CPU
		{DE1445BB-E5C8-49EC-8075-A791DB8B64E9}.Docs|x64.Build.0 = Debug|Any CPU
		{DE1445BB-E5C8-49EC-8075-A791DB8B64E9}.Docs|x86.ActiveCfg = Debug|Any CPU
		{DE1445BB-E5C8-49EC-8075-A791DB8B64E9}.Docs|x86.Build.0 = Debug|Any CPU
		{DE1445BB-E5C8-49EC-8075-A791DB8B64E9}.Mono|Any CPU.ActiveCfg = Mono|Any CPU
		{DE1445BB-E5C8-49EC-8075-A791DB8B64E9}.Mono|Any CPU.Build.0 = Mono|Any CPU
		{DE1445BB-E5C8-49EC-8075-A791DB8B64E9}.Mono|x64.ActiveCfg = Mono|Any CPU
		{DE1445BB-E5C8-49EC-8075-A791DB8B64E9}.Mono|x64.Build.0 = Mono|Any CPU
		{DE1445BB-E5C8-49EC-8075-A791DB8B64E9}.Mono|x86.ActiveCfg = Mono|Any CPU
		{DE1445BB-E5C8-49EC-8075-A791DB8B64E9}.Mono|x86.Build.0 = Mono|Any CPU
		{DE1445BB-E5C8-49EC-8075-A791DB8B64E9}.Release|Any CPU.ActiveCfg = Release|Any CPU
		{DE1445BB-E5C8-49EC-8075-A791DB8B64E9}.Release|Any CPU.Build.0 = Release|Any CPU
		{DE1445BB-E5C8-49EC-8075-A791DB8B64E9}.Release|x64.ActiveCfg = Release|Any CPU
		{DE1445BB-E5C8-49EC-8075-A791DB8B64E9}.Release|x64.Build.0 = Release|Any CPU
		{DE1445BB-E5C8-49EC-8075-A791DB8B64E9}.Release|x86.ActiveCfg = Release|Any CPU
		{DE1445BB-E5C8-49EC-8075-A791DB8B64E9}.Release|x86.Build.0 = Release|Any CPU
		{6AA0D141-183F-4646-B5DB-543EAA410032}.Debug|Any CPU.ActiveCfg = Debug|Any CPU
		{6AA0D141-183F-4646-B5DB-543EAA410032}.Debug|Any CPU.Build.0 = Debug|Any CPU
		{6AA0D141-183F-4646-B5DB-543EAA410032}.Debug|x64.ActiveCfg = Debug|Any CPU
		{6AA0D141-183F-4646-B5DB-543EAA410032}.Debug|x64.Build.0 = Debug|Any CPU
		{6AA0D141-183F-4646-B5DB-543EAA410032}.Debug|x86.ActiveCfg = Debug|Any CPU
		{6AA0D141-183F-4646-B5DB-543EAA410032}.Debug|x86.Build.0 = Debug|Any CPU
		{6AA0D141-183F-4646-B5DB-543EAA410032}.Docs|Any CPU.ActiveCfg = Debug|Any CPU
		{6AA0D141-183F-4646-B5DB-543EAA410032}.Docs|Any CPU.Build.0 = Debug|Any CPU
		{6AA0D141-183F-4646-B5DB-543EAA410032}.Docs|x64.ActiveCfg = Debug|Any CPU
		{6AA0D141-183F-4646-B5DB-543EAA410032}.Docs|x64.Build.0 = Debug|Any CPU
		{6AA0D141-183F-4646-B5DB-543EAA410032}.Docs|x86.ActiveCfg = Debug|Any CPU
		{6AA0D141-183F-4646-B5DB-543EAA410032}.Docs|x86.Build.0 = Debug|Any CPU
		{6AA0D141-183F-4646-B5DB-543EAA410032}.Mono|Any CPU.ActiveCfg = Mono|Any CPU
		{6AA0D141-183F-4646-B5DB-543EAA410032}.Mono|Any CPU.Build.0 = Mono|Any CPU
		{6AA0D141-183F-4646-B5DB-543EAA410032}.Mono|x64.ActiveCfg = Mono|Any CPU
		{6AA0D141-183F-4646-B5DB-543EAA410032}.Mono|x64.Build.0 = Mono|Any CPU
		{6AA0D141-183F-4646-B5DB-543EAA410032}.Mono|x86.ActiveCfg = Mono|Any CPU
		{6AA0D141-183F-4646-B5DB-543EAA410032}.Mono|x86.Build.0 = Mono|Any CPU
		{6AA0D141-183F-4646-B5DB-543EAA410032}.Release|Any CPU.ActiveCfg = Release|Any CPU
		{6AA0D141-183F-4646-B5DB-543EAA410032}.Release|Any CPU.Build.0 = Release|Any CPU
		{6AA0D141-183F-4646-B5DB-543EAA410032}.Release|x64.ActiveCfg = Release|Any CPU
		{6AA0D141-183F-4646-B5DB-543EAA410032}.Release|x64.Build.0 = Release|Any CPU
		{6AA0D141-183F-4646-B5DB-543EAA410032}.Release|x86.ActiveCfg = Release|Any CPU
		{6AA0D141-183F-4646-B5DB-543EAA410032}.Release|x86.Build.0 = Release|Any CPU
		{CA0D16EA-8279-4058-A908-07C670CA3CB6}.Debug|Any CPU.ActiveCfg = Debug|Any CPU
		{CA0D16EA-8279-4058-A908-07C670CA3CB6}.Debug|Any CPU.Build.0 = Debug|Any CPU
		{CA0D16EA-8279-4058-A908-07C670CA3CB6}.Debug|x64.ActiveCfg = Debug|Any CPU
		{CA0D16EA-8279-4058-A908-07C670CA3CB6}.Debug|x64.Build.0 = Debug|Any CPU
		{CA0D16EA-8279-4058-A908-07C670CA3CB6}.Debug|x86.ActiveCfg = Debug|Any CPU
		{CA0D16EA-8279-4058-A908-07C670CA3CB6}.Debug|x86.Build.0 = Debug|Any CPU
		{CA0D16EA-8279-4058-A908-07C670CA3CB6}.Docs|Any CPU.ActiveCfg = Debug|Any CPU
		{CA0D16EA-8279-4058-A908-07C670CA3CB6}.Docs|Any CPU.Build.0 = Debug|Any CPU
		{CA0D16EA-8279-4058-A908-07C670CA3CB6}.Docs|x64.ActiveCfg = Debug|Any CPU
		{CA0D16EA-8279-4058-A908-07C670CA3CB6}.Docs|x64.Build.0 = Debug|Any CPU
		{CA0D16EA-8279-4058-A908-07C670CA3CB6}.Docs|x86.ActiveCfg = Debug|Any CPU
		{CA0D16EA-8279-4058-A908-07C670CA3CB6}.Docs|x86.Build.0 = Debug|Any CPU
		{CA0D16EA-8279-4058-A908-07C670CA3CB6}.Mono|Any CPU.ActiveCfg = Mono|Any CPU
		{CA0D16EA-8279-4058-A908-07C670CA3CB6}.Mono|Any CPU.Build.0 = Mono|Any CPU
		{CA0D16EA-8279-4058-A908-07C670CA3CB6}.Mono|x64.ActiveCfg = Mono|Any CPU
		{CA0D16EA-8279-4058-A908-07C670CA3CB6}.Mono|x64.Build.0 = Mono|Any CPU
		{CA0D16EA-8279-4058-A908-07C670CA3CB6}.Mono|x86.ActiveCfg = Mono|Any CPU
		{CA0D16EA-8279-4058-A908-07C670CA3CB6}.Mono|x86.Build.0 = Mono|Any CPU
		{CA0D16EA-8279-4058-A908-07C670CA3CB6}.Release|Any CPU.ActiveCfg = Release|Any CPU
		{CA0D16EA-8279-4058-A908-07C670CA3CB6}.Release|Any CPU.Build.0 = Release|Any CPU
		{CA0D16EA-8279-4058-A908-07C670CA3CB6}.Release|x64.ActiveCfg = Release|Any CPU
		{CA0D16EA-8279-4058-A908-07C670CA3CB6}.Release|x64.Build.0 = Release|Any CPU
		{CA0D16EA-8279-4058-A908-07C670CA3CB6}.Release|x86.ActiveCfg = Release|Any CPU
		{CA0D16EA-8279-4058-A908-07C670CA3CB6}.Release|x86.Build.0 = Release|Any CPU
		{6DFD3CC8-32DC-4BE1-A306-AED7DBCE5A31}.Debug|Any CPU.ActiveCfg = Debug|Any CPU
		{6DFD3CC8-32DC-4BE1-A306-AED7DBCE5A31}.Debug|Any CPU.Build.0 = Debug|Any CPU
		{6DFD3CC8-32DC-4BE1-A306-AED7DBCE5A31}.Debug|x64.ActiveCfg = Debug|Any CPU
		{6DFD3CC8-32DC-4BE1-A306-AED7DBCE5A31}.Debug|x64.Build.0 = Debug|Any CPU
		{6DFD3CC8-32DC-4BE1-A306-AED7DBCE5A31}.Debug|x86.ActiveCfg = Debug|Any CPU
		{6DFD3CC8-32DC-4BE1-A306-AED7DBCE5A31}.Debug|x86.Build.0 = Debug|Any CPU
		{6DFD3CC8-32DC-4BE1-A306-AED7DBCE5A31}.Docs|Any CPU.ActiveCfg = Debug|Any CPU
		{6DFD3CC8-32DC-4BE1-A306-AED7DBCE5A31}.Docs|Any CPU.Build.0 = Debug|Any CPU
		{6DFD3CC8-32DC-4BE1-A306-AED7DBCE5A31}.Docs|x64.ActiveCfg = Debug|Any CPU
		{6DFD3CC8-32DC-4BE1-A306-AED7DBCE5A31}.Docs|x64.Build.0 = Debug|Any CPU
		{6DFD3CC8-32DC-4BE1-A306-AED7DBCE5A31}.Docs|x86.ActiveCfg = Debug|Any CPU
		{6DFD3CC8-32DC-4BE1-A306-AED7DBCE5A31}.Docs|x86.Build.0 = Debug|Any CPU
		{6DFD3CC8-32DC-4BE1-A306-AED7DBCE5A31}.Mono|Any CPU.ActiveCfg = Mono|Any CPU
		{6DFD3CC8-32DC-4BE1-A306-AED7DBCE5A31}.Mono|Any CPU.Build.0 = Mono|Any CPU
		{6DFD3CC8-32DC-4BE1-A306-AED7DBCE5A31}.Mono|x64.ActiveCfg = Mono|Any CPU
		{6DFD3CC8-32DC-4BE1-A306-AED7DBCE5A31}.Mono|x64.Build.0 = Mono|Any CPU
		{6DFD3CC8-32DC-4BE1-A306-AED7DBCE5A31}.Mono|x86.ActiveCfg = Mono|Any CPU
		{6DFD3CC8-32DC-4BE1-A306-AED7DBCE5A31}.Mono|x86.Build.0 = Mono|Any CPU
		{6DFD3CC8-32DC-4BE1-A306-AED7DBCE5A31}.Release|Any CPU.ActiveCfg = Release|Any CPU
		{6DFD3CC8-32DC-4BE1-A306-AED7DBCE5A31}.Release|Any CPU.Build.0 = Release|Any CPU
		{6DFD3CC8-32DC-4BE1-A306-AED7DBCE5A31}.Release|x64.ActiveCfg = Release|Any CPU
		{6DFD3CC8-32DC-4BE1-A306-AED7DBCE5A31}.Release|x64.Build.0 = Release|Any CPU
		{6DFD3CC8-32DC-4BE1-A306-AED7DBCE5A31}.Release|x86.ActiveCfg = Release|Any CPU
		{6DFD3CC8-32DC-4BE1-A306-AED7DBCE5A31}.Release|x86.Build.0 = Release|Any CPU
	EndGlobalSection
	GlobalSection(SolutionProperties) = preSolution
		HideSolutionNode = FALSE
	EndGlobalSection
	GlobalSection(ExtensibilityGlobals) = postSolution
		SolutionGuid = {995CECF4-8F4D-4000-82C9-2B59E91100E9}
	EndGlobalSection
EndGlobal
